
Microsoft Visual Studio Solution File, Format Version 12.00
# Visual Studio Version 16
VisualStudioVersion = 16.0.31729.503
MinimumVisualStudioVersion = 10.0.40219.1
Project("{FAE04EC0-301F-11D3-BF4B-00C04F79EFBC}") = "RocketLanding.Calculations", "RocketLanding.Calculations\RocketLanding.Calculations.csproj", "{6A073598-C977-4977-8C07-768386A564BD}"
EndProject
Global
	GlobalSection(SolutionConfigurationPlatforms) = preSolution
		Debug|Any CPU = Debug|Any CPU
		Release|Any CPU = Release|Any CPU
	EndGlobalSection
	GlobalSection(ProjectConfigurationPlatforms) = postSolution
		{6A073598-C977-4977-8C07-768386A564BD}.Debug|Any CPU.ActiveCfg = Debug|Any CPU
		{6A073598-C977-4977-8C07-768386A564BD}.Debug|Any CPU.Build.0 = Debug|Any CPU
		{6A073598-C977-4977-8C07-768386A564BD}.Release|Any CPU.ActiveCfg = Release|Any CPU
		{6A073598-C977-4977-8C07-768386A564BD}.Release|Any CPU.Build.0 = Release|Any CPU
	EndGlobalSection
	GlobalSection(SolutionProperties) = preSolution
		HideSolutionNode = FALSE
	EndGlobalSection
	GlobalSection(ExtensibilityGlobals) = postSolution
		SolutionGuid = {6037B810-4887-462E-8911-39FD443945D5}
	EndGlobalSection
EndGlobal
